apiVersion: v1
kind: ConfigMap
metadata:
  name: claw-desired-state-content-lock
  namespace: claw-testnet
data:
  contentDigest: sha256:8bd23c8d043854b866bf304d61a5929838cba643f1798720e155d1b6caafa3d7
  intentDigest: sha256:d705b557f3e8bdc1c2f85e81042471d1037849d0510ed7d8b02a54bd74545537
  releaseSha: "4b309a58a8900f68fe0b2d8a6cb220019a1e3f2c"
