apiVersion: v1
kind: ConfigMap
metadata:
  name: claw-desired-state-content-lock
  namespace: claw-testnet
data:
  contentDigest: sha256:1610344fb9cd953227311bcb08ca4e139a1d32ba674135863ca0e970e456eab7
  intentDigest: sha256:d0850ac4351cfafec06a233d4a4e4184373114e72e2ec85f654db20098b12191
  releaseSha: "dd9878d0145c8db1a382fe80c173f868b6a9115f"
