apiVersion: v1
kind: ConfigMap
metadata:
  name: claw-desired-state-content-lock
  namespace: claw-testnet
data:
  contentDigest: sha256:93a9010003851de18ffaec99cf82cf4731dbd2283d54bd832c039b64fc30378e
  intentDigest: sha256:b6528d9afb2348557fdcf5e4bb742ebd1bb411be070f291475b1c66a3823668c
  releaseSha: "65437300fb359c69eb322715357150434f8856bd"
